hash: d9868ca930ee7aed03a51e6724fc2f1c3ea9fe1762efd52ea9bc9c12a6055a29
updated: 2019-08-29T00:16:16.556587-04:00
imports:
- name: github.com/c-bata/go-prompt
  version: 0f95e1d1de2e6f0119b69fd4d79967e4b64fa21b
  subpackages:
  - internal/bisect
  - internal/debug
  - internal/strings
  - internal/term
- name: github.com/fsnotify/fsnotify
  version: 1485a34d5d5723fea214f5710708e19a831720e4
- name: github.com/hashicorp/hcl
  version: cf7d376da96d9cecec7c7483cec2735efe54a410
  subpackages:
  - hcl/ast
  - hcl/parser
  - hcl/printer
  - hcl/scanner
  - hcl/strconv
  - hcl/token
  - json/parser
  - json/scanner
  - json/token
- name: github.com/inconshreveable/mousetrap
  version: 76626ae9c91c4f2a10f34cad8ce83ea42c93bb75
- name: github.com/magiconair/properties
  version: de8848e004dd33dc07a2947b3d76f618a7fc7ef1
- name: github.com/mattn/go-colorable
  version: 388941e3ea99c461d2bc2747eaf27741b6dda096
- name: github.com/mattn/go-isatty
  version: bf9a1dea1961e1d831824fb135332bfb8c10e8b8
- name: github.com/mattn/go-runewidth
  version: 703b5e6b11ae25aeb2af9ebb5d5fdf8fa2575211
- name: github.com/mattn/go-tty
  version: 523744f0485951f2b177ecc932e7d0e865f8fc02
- name: github.com/mitchellh/go-homedir
  version: af06845cf3004701891bf4fdb884bfe4920b3727
- name: github.com/mitchellh/mapstructure
  version: 3536a929edddb9a5b34bd6861dc4a9647cb459fe
- name: github.com/pelletier/go-toml
  version: 3ded2e09ee1b5e399e46206e02ac46bae2072dc4
- name: github.com/pkg/term
  version: aa71e9d9e942418fbb97d80895dcea70efed297c
  subpackages:
  - termios
- name: github.com/spf13/afero
  version: 588a75ec4f32903aa5e39a2619ba6a4631e28424
  subpackages:
  - mem
- name: github.com/spf13/cast
  version: c01685bb8421cecb276fa517e91f757215f980b3
- name: github.com/spf13/cobra
  version: b80588d523ec50c7fee20218426cf2ff70920f06
- name: github.com/spf13/jwalterweatherman
  version: 94f6ae3ed3bceceafa716478c5fbf8d29ca601a1
- name: github.com/spf13/pflag
  version: 972238283c0625cf3e881de7699ba8f2524c340a
- name: github.com/spf13/viper
  version: e697d557b7f549ddf91098cef2ad6e92176dbcdf
- name: github.com/stromland/cobra-prompt
  version: 940a0a2bd0d307599c5226d7e292d8850fedd049
- name: github.com/subosito/gotenv
  version: 422ef8095f112cfaf9f40c368e0b9ae8c0714cfb
- name: github.com/tomyutao/cobra-prompt
  version: c894f64fc8dc89a69a353015c608e93e3925f6d8
  subpackages:
  - example/cmd
- name: golang.org/x/sys
  version: c7b8b68b14567162c6602a7c5659ee0f26417c18
  subpackages:
  - unix
- name: golang.org/x/text
  version: 342b2e1fbaa52c93f31447ad2c6abc048c63e475
  subpackages:
  - transform
  - unicode/norm
- name: gopkg.in/yaml.v2
  version: 51d6538a90f86fe93ac480b35f37b2be17fef232
testImports: []
